
Microsoft Visual Studio Solution File, Format Version 12.00
# Visual Studio Version 17
VisualStudioVersion = 17.8.34511.84
MinimumVisualStudioVersion = 10.0.40219.1
Project("{9A19103F-16F7-4668-BE54-9A1E7A4F7556}") = "iOSApp2", "iOSApp2\iOSApp2.csproj", "{8E656358-10E6-4983-80A9-A662B8292565}"
EndProject
Project("{9A19103F-16F7-4668-BE54-9A1E7A4F7556}") = "iOS.StarIO", "iOS.StarIO\iOS.StarIO.csproj", "{F8AB1280-A315-4319-940B-535AD46722EF}"
EndProject
Project("{9A19103F-16F7-4668-BE54-9A1E7A4F7556}") = "iOS.StarIOExt", "iOS.StarIOExt\iOS.StarIOExt.csproj", "{83043136-E48F-4457-81F9-68321FEA3407}"
EndProject
Global
	GlobalSection(SolutionConfigurationPlatforms) = preSolution
		Debug|Any CPU = Debug|Any CPU
		Release|Any CPU = Release|Any CPU
	EndGlobalSection
	GlobalSection(ProjectConfigurationPlatforms) = postSolution
		{8E656358-10E6-4983-80A9-A662B8292565}.Debug|Any CPU.ActiveCfg = Debug|Any CPU
		{8E656358-10E6-4983-80A9-A662B8292565}.Debug|Any CPU.Build.0 = Debug|Any CPU
		{8E656358-10E6-4983-80A9-A662B8292565}.Debug|Any CPU.Deploy.0 = Debug|Any CPU
		{8E656358-10E6-4983-80A9-A662B8292565}.Release|Any CPU.ActiveCfg = Release|Any CPU
		{8E656358-10E6-4983-80A9-A662B8292565}.Release|Any CPU.Build.0 = Release|Any CPU
		{8E656358-10E6-4983-80A9-A662B8292565}.Release|Any CPU.Deploy.0 = Release|Any CPU
		{F8AB1280-A315-4319-940B-535AD46722EF}.Debug|Any CPU.ActiveCfg = Debug|Any CPU
		{F8AB1280-A315-4319-940B-535AD46722EF}.Debug|Any CPU.Build.0 = Debug|Any CPU
		{F8AB1280-A315-4319-940B-535AD46722EF}.Release|Any CPU.ActiveCfg = Release|Any CPU
		{F8AB1280-A315-4319-940B-535AD46722EF}.Release|Any CPU.Build.0 = Release|Any CPU
		{83043136-E48F-4457-81F9-68321FEA3407}.Debug|Any CPU.ActiveCfg = Debug|Any CPU
		{83043136-E48F-4457-81F9-68321FEA3407}.Debug|Any CPU.Build.0 = Debug|Any CPU
		{83043136-E48F-4457-81F9-68321FEA3407}.Release|Any CPU.ActiveCfg = Release|Any CPU
		{83043136-E48F-4457-81F9-68321FEA3407}.Release|Any CPU.Build.0 = Release|Any CPU
	EndGlobalSection
	GlobalSection(SolutionProperties) = preSolution
		HideSolutionNode = FALSE
	EndGlobalSection
	GlobalSection(ExtensibilityGlobals) = postSolution
		SolutionGuid = {308572EF-BEBD-47A7-94F8-11A8BFBBE494}
	EndGlobalSection
EndGlobal
