
Microsoft Visual Studio Solution File, Format Version 12.00
# Visual Studio Version 17
VisualStudioVersion = 17.8.34511.84
MinimumVisualStudioVersion = 10.0.40219.1
Project("{9A19103F-16F7-4668-BE54-9A1E7A4F7556}") = "iOSApp2", "iOSApp2\iOSApp2.csproj", "{8E656358-10E6-4983-80A9-A662B8292565}"
EndProject
Project("{9A19103F-16F7-4668-BE54-9A1E7A4F7556}") = "iOS.ZebraLinkOs", "iOS.ZebraLinkOs\iOS.ZebraLinkOs.csproj", "{557836D4-CF1A-4A7D-9B32-FB0FDCB6AF42}"
EndProject
Global
	GlobalSection(SolutionConfigurationPlatforms) = preSolution
		Debug|Any CPU = Debug|Any CPU
		Release|Any CPU = Release|Any CPU
	EndGlobalSection
	GlobalSection(ProjectConfigurationPlatforms) = postSolution
		{8E656358-10E6-4983-80A9-A662B8292565}.Debug|Any CPU.ActiveCfg = Debug|Any CPU
		{8E656358-10E6-4983-80A9-A662B8292565}.Debug|Any CPU.Build.0 = Debug|Any CPU
		{8E656358-10E6-4983-80A9-A662B8292565}.Debug|Any CPU.Deploy.0 = Debug|Any CPU
		{8E656358-10E6-4983-80A9-A662B8292565}.Release|Any CPU.ActiveCfg = Release|Any CPU
		{8E656358-10E6-4983-80A9-A662B8292565}.Release|Any CPU.Build.0 = Release|Any CPU
		{8E656358-10E6-4983-80A9-A662B8292565}.Release|Any CPU.Deploy.0 = Release|Any CPU
		{557836D4-CF1A-4A7D-9B32-FB0FDCB6AF42}.Debug|Any CPU.ActiveCfg = Debug|Any CPU
		{557836D4-CF1A-4A7D-9B32-FB0FDCB6AF42}.Debug|Any CPU.Build.0 = Debug|Any CPU
		{557836D4-CF1A-4A7D-9B32-FB0FDCB6AF42}.Release|Any CPU.ActiveCfg = Release|Any CPU
		{557836D4-CF1A-4A7D-9B32-FB0FDCB6AF42}.Release|Any CPU.Build.0 = Release|Any CPU
	EndGlobalSection
	GlobalSection(SolutionProperties) = preSolution
		HideSolutionNode = FALSE
	EndGlobalSection
	GlobalSection(ExtensibilityGlobals) = postSolution
		SolutionGuid = {308572EF-BEBD-47A7-94F8-11A8BFBBE494}
	EndGlobalSection
EndGlobal
